
Microsoft Visual Studio Solution File, Format Version 12.00
# Visual Studio Version 17
VisualStudioVersion = 17.14.36603.0
MinimumVisualStudioVersion = 10.0.40219.1
Project("{2150E333-8FDC-42A3-9474-1A3956D46DE8}") = "Core", "Core", "{9C772555-5A11-43B7-B720-1E637E02F915}"
EndProject
Project("{FAE04EC0-301F-11D3-BF4B-00C04F79EFBC}") = "Domains", "src\Core\BankingDDD.Domain\Domains\Domains.csproj", "{8AF9D836-F065-46FF-BD73-F519E32AC151}"
EndProject
Project("{2150E333-8FDC-42A3-9474-1A3956D46DE8}") = "Crosscutting", "Crosscutting", "{EA3EB546-597C-47DA-87BA-15962CBF61AE}"
EndProject
Project("{2150E333-8FDC-42A3-9474-1A3956D46DE8}") = "Services", "Services", "{E17DF4E1-B61A-4B03-91B5-CF0360B54210}"
EndProject
Project("{FAE04EC0-301F-11D3-BF4B-00C04F79EFBC}") = "Identity", "src\Crosscutting\BankingDDD.IdentityServer\Identity\Identity.csproj", "{DDB8FDEA-3143-41E0-A6E8-85C96093A7ED}"
EndProject
Project("{2150E333-8FDC-42A3-9474-1A3956D46DE8}") = "CoOpBankCustomerMgmt", "CoOpBankCustomerMgmt", "{74D4D034-C6E6-4A25-A573-5BBA6589B417}"
EndProject
Project("{2150E333-8FDC-42A3-9474-1A3956D46DE8}") = "CoOpBankAccountMgmt", "CoOpBankAccountMgmt", "{0092A781-B144-4863-BD27-D18046EECBD6}"
EndProject
Project("{FAE04EC0-301F-11D3-BF4B-00C04F79EFBC}") = "Infrastructures", "src\Core\BankingDDD.Infrastructure\Infrastructures\Infrastructures.csproj", "{6BF011E1-FC35-4A88-A729-7A28AE028F42}"
EndProject
Project("{2150E333-8FDC-42A3-9474-1A3956D46DE8}") = "CoOpBankLoanMgmt", "CoOpBankLoanMgmt", "{8B87C16E-C62F-40CB-8288-675092B772F4}"
EndProject
Project("{E53339B2-1760-4266-BCC7-CA923CBCF16C}") = "docker-compose", "docker-compose.dcproj", "{9A7392E9-3ACA-4A70-BDAB-45DD99F14FE4}"
EndProject
Project("{FAE04EC0-301F-11D3-BF4B-00C04F79EFBC}") = "Applications", "src\Core\BankingDDD.Application\Applications\Applications.csproj", "{97D9506B-503C-4C6F-9CE7-355C781615E3}"
EndProject
Project("{FAE04EC0-301F-11D3-BF4B-00C04F79EFBC}") = "Common", "src\Core\BankingDDD.CommonLibrary\Common\Common.csproj", "{97EB0FD3-34B5-4547-968B-FA8119A286D1}"
EndProject
Project("{FAE04EC0-301F-11D3-BF4B-00C04F79EFBC}") = "BankingApp.AccountManagement", "src\Services\BankingApp.AccountManagement\BankingApp.AccountManagement.csproj", "{F1B8C12D-FBB1-B322-B20F-1764CB554C0F}"
EndProject
Project("{FAE04EC0-301F-11D3-BF4B-00C04F79EFBC}") = "BankingApp.CustomerManagement", "src\Services\BankingApp.CustomerManagement\BankingApp.CustomerManagement.csproj", "{19E2046D-283D-BCE6-5F27-FB8A0065E9EA}"
EndProject
Project("{FAE04EC0-301F-11D3-BF4B-00C04F79EFBC}") = "BankingApp.LoanManagement", "src\Services\BankingApp.LoanManagement\BankingApp.LoanManagement.csproj", "{98793A5C-924E-AE94-A1C7-83E77893A24B}"
EndProject
Project("{2150E333-8FDC-42A3-9474-1A3956D46DE8}") = "Solution Items", "Solution Items", "{8EC462FD-D22E-90A8-E5CE-7E832BA40C5D}"
	ProjectSection(SolutionItems) = preProject
		KeyCloakDockerfile\Dockerfile = KeyCloakDockerfile\Dockerfile
	EndProjectSection
EndProject
Global
	GlobalSection(SolutionConfigurationPlatforms) = preSolution
		Debug|Any CPU = Debug|Any CPU
		Release|Any CPU = Release|Any CPU
	EndGlobalSection
	GlobalSection(ProjectConfigurationPlatforms) = postSolution
		{8AF9D836-F065-46FF-BD73-F519E32AC151}.Debug|Any CPU.ActiveCfg = Debug|Any CPU
		{8AF9D836-F065-46FF-BD73-F519E32AC151}.Debug|Any CPU.Build.0 = Debug|Any CPU
		{8AF9D836-F065-46FF-BD73-F519E32AC151}.Release|Any CPU.ActiveCfg = Release|Any CPU
		{8AF9D836-F065-46FF-BD73-F519E32AC151}.Release|Any CPU.Build.0 = Release|Any CPU
		{DDB8FDEA-3143-41E0-A6E8-85C96093A7ED}.Debug|Any CPU.ActiveCfg = Debug|Any CPU
		{DDB8FDEA-3143-41E0-A6E8-85C96093A7ED}.Debug|Any CPU.Build.0 = Debug|Any CPU
		{DDB8FDEA-3143-41E0-A6E8-85C96093A7ED}.Release|Any CPU.ActiveCfg = Release|Any CPU
		{DDB8FDEA-3143-41E0-A6E8-85C96093A7ED}.Release|Any CPU.Build.0 = Release|Any CPU
		{6BF011E1-FC35-4A88-A729-7A28AE028F42}.Debug|Any CPU.ActiveCfg = Debug|Any CPU
		{6BF011E1-FC35-4A88-A729-7A28AE028F42}.Debug|Any CPU.Build.0 = Debug|Any CPU
		{6BF011E1-FC35-4A88-A729-7A28AE028F42}.Release|Any CPU.ActiveCfg = Release|Any CPU
		{6BF011E1-FC35-4A88-A729-7A28AE028F42}.Release|Any CPU.Build.0 = Release|Any CPU
		{9A7392E9-3ACA-4A70-BDAB-45DD99F14FE4}.Debug|Any CPU.ActiveCfg = Debug|Any CPU
		{9A7392E9-3ACA-4A70-BDAB-45DD99F14FE4}.Debug|Any CPU.Build.0 = Debug|Any CPU
		{9A7392E9-3ACA-4A70-BDAB-45DD99F14FE4}.Release|Any CPU.ActiveCfg = Release|Any CPU
		{9A7392E9-3ACA-4A70-BDAB-45DD99F14FE4}.Release|Any CPU.Build.0 = Release|Any CPU
		{97D9506B-503C-4C6F-9CE7-355C781615E3}.Debug|Any CPU.ActiveCfg = Debug|Any CPU
		{97D9506B-503C-4C6F-9CE7-355C781615E3}.Debug|Any CPU.Build.0 = Debug|Any CPU
		{97D9506B-503C-4C6F-9CE7-355C781615E3}.Release|Any CPU.ActiveCfg = Release|Any CPU
		{97D9506B-503C-4C6F-9CE7-355C781615E3}.Release|Any CPU.Build.0 = Release|Any CPU
		{97EB0FD3-34B5-4547-968B-FA8119A286D1}.Debug|Any CPU.ActiveCfg = Debug|Any CPU
		{97EB0FD3-34B5-4547-968B-FA8119A286D1}.Debug|Any CPU.Build.0 = Debug|Any CPU
		{97EB0FD3-34B5-4547-968B-FA8119A286D1}.Release|Any CPU.ActiveCfg = Release|Any CPU
		{97EB0FD3-34B5-4547-968B-FA8119A286D1}.Release|Any CPU.Build.0 = Release|Any CPU
		{F1B8C12D-FBB1-B322-B20F-1764CB554C0F}.Debug|Any CPU.ActiveCfg = Debug|Any CPU
		{F1B8C12D-FBB1-B322-B20F-1764CB554C0F}.Debug|Any CPU.Build.0 = Debug|Any CPU
		{F1B8C12D-FBB1-B322-B20F-1764CB554C0F}.Release|Any CPU.ActiveCfg = Release|Any CPU
		{F1B8C12D-FBB1-B322-B20F-1764CB554C0F}.Release|Any CPU.Build.0 = Release|Any CPU
		{19E2046D-283D-BCE6-5F27-FB8A0065E9EA}.Debug|Any CPU.ActiveCfg = Debug|Any CPU
		{19E2046D-283D-BCE6-5F27-FB8A0065E9EA}.Debug|Any CPU.Build.0 = Debug|Any CPU
		{19E2046D-283D-BCE6-5F27-FB8A0065E9EA}.Release|Any CPU.ActiveCfg = Release|Any CPU
		{19E2046D-283D-BCE6-5F27-FB8A0065E9EA}.Release|Any CPU.Build.0 = Release|Any CPU
		{98793A5C-924E-AE94-A1C7-83E77893A24B}.Debug|Any CPU.ActiveCfg = Debug|Any CPU
		{98793A5C-924E-AE94-A1C7-83E77893A24B}.Debug|Any CPU.Build.0 = Debug|Any CPU
		{98793A5C-924E-AE94-A1C7-83E77893A24B}.Release|Any CPU.ActiveCfg = Release|Any CPU
		{98793A5C-924E-AE94-A1C7-83E77893A24B}.Release|Any CPU.Build.0 = Release|Any CPU
	EndGlobalSection
	GlobalSection(SolutionProperties) = preSolution
		HideSolutionNode = FALSE
	EndGlobalSection
	GlobalSection(NestedProjects) = preSolution
		{8AF9D836-F065-46FF-BD73-F519E32AC151} = {9C772555-5A11-43B7-B720-1E637E02F915}
		{DDB8FDEA-3143-41E0-A6E8-85C96093A7ED} = {EA3EB546-597C-47DA-87BA-15962CBF61AE}
		{74D4D034-C6E6-4A25-A573-5BBA6589B417} = {E17DF4E1-B61A-4B03-91B5-CF0360B54210}
		{0092A781-B144-4863-BD27-D18046EECBD6} = {E17DF4E1-B61A-4B03-91B5-CF0360B54210}
		{6BF011E1-FC35-4A88-A729-7A28AE028F42} = {9C772555-5A11-43B7-B720-1E637E02F915}
		{8B87C16E-C62F-40CB-8288-675092B772F4} = {E17DF4E1-B61A-4B03-91B5-CF0360B54210}
		{97D9506B-503C-4C6F-9CE7-355C781615E3} = {9C772555-5A11-43B7-B720-1E637E02F915}
		{97EB0FD3-34B5-4547-968B-FA8119A286D1} = {9C772555-5A11-43B7-B720-1E637E02F915}
		{F1B8C12D-FBB1-B322-B20F-1764CB554C0F} = {0092A781-B144-4863-BD27-D18046EECBD6}
		{19E2046D-283D-BCE6-5F27-FB8A0065E9EA} = {74D4D034-C6E6-4A25-A573-5BBA6589B417}
		{98793A5C-924E-AE94-A1C7-83E77893A24B} = {8B87C16E-C62F-40CB-8288-675092B772F4}
	EndGlobalSection
	GlobalSection(ExtensibilityGlobals) = postSolution
		SolutionGuid = {47989F9D-F280-412E-A02C-99362644B8B9}
	EndGlobalSection
	GlobalSection(NDepend) = preSolution
		Project = ".\BankingAppDDD.ndproj"
	EndGlobalSection
EndGlobal
